<?xml version="1.0" encoding="utf-8"?>
<Project ToolsVersion="4.0" xmlns="http://schemas.microsoft.com/developer/msbuild/2003">
  <ItemGroup>
    <Filter Include="Archivos de origen">
      <UniqueIdentifier>{4FC737F1-C7A5-4376-A066-2A32D752A2FF}</UniqueIdentifier>
      <Extensions>cpp;c;cc;cxx;def;odl;idl;hpj;bat;asm;asmx</Extensions>
    </Filter>
    <Filter Include="Archivos de encabezado">
      <UniqueIdentifier>{93995380-89BD-4b04-88EB-625FBE52EBFB}</UniqueIdentifier>
      <Extensions>h;hh;hpp;hxx;hm;inl;inc;ipp;xsd</Extensions>
    </Filter>
    <Filter Include="Archivos de recursos">
      <UniqueIdentifier>{67DA6AB6-F800-4c08-8B7A-83BB121AAD01}</UniqueIdentifier>
      <Extensions>rc;ico;cur;bmp;dlg;rc2;rct;bin;rgs;gif;jpg;jpeg;jpe;resx;tiff;tif;png;wav;mfcribbon-ms</Extensions>
    </Filter>
    <Filter Include="Shaders">
      <UniqueIdentifier>{298ebeb3-5320-4aa0-9eeb-d12931125845}</UniqueIdentifier>
    </Filter>
    <Filter Include="Components">
      <UniqueIdentifier>{05d19784-848b-4b19-aa80-0db284c9934c}</UniqueIdentifier>
    </Filter>
    <Filter Include="Editor">
      <UniqueIdentifier>{6c70a4ba-e9a3-474e-b189-b30b3dfe2aa4}</UniqueIdentifier>
    </Filter>
    <Filter Include="imgui">
      <UniqueIdentifier>{01e8050e-3ec8-4ec3-b4ee-0b4af91e982f}</UniqueIdentifier>
    </Filter>
    <Filter Include="Modules">
      <UniqueIdentifier>{68f54033-669b-4850-a2a2-f4a0ff6d3655}</UniqueIdentifier>
    </Filter>
    <Filter Include="Utils">
      <UniqueIdentifier>{7c4ee385-e58c-4f8b-b41d-eeff00275176}</UniqueIdentifier>
    </Filter>
    <Filter Include="Filesystem">
      <UniqueIdentifier>{ce5602a1-cdb8-4bfe-a7bd-460b1edaa25d}</UniqueIdentifier>
    </Filter>
    <Filter Include="ResourceManagement">
      <UniqueIdentifier>{74aadef9-a702-4475-9a4c-cf546974a0de}</UniqueIdentifier>
    </Filter>
    <Filter Include="ResourceManagement\Resources">
      <UniqueIdentifier>{2efb75f4-e1c9-45b8-9367-740e975d5b17}</UniqueIdentifier>
    </Filter>
    <Filter Include="ResourceManagement\Importers">
      <UniqueIdentifier>{98660cae-7512-4efb-bb2a-8e1c8998101b}</UniqueIdentifier>
    </Filter>
    <Filter Include="ResourceManagement\Metafile">
      <UniqueIdentifier>{d4872581-d9c6-45bf-af1c-e939175625c1}</UniqueIdentifier>
    </Filter>
  </ItemGroup>
  <ItemGroup>
    <ClCompile Include="LittleEngine\src\Modules\ModuleRender.cpp">
      <Filter>Modules</Filter>
    </ClCompile>
    <ClCompile Include="LittleEngine\src\Modules\ModuleSceneManager.cpp">
      <Filter>Modules</Filter>
    </ClCompile>
    <ClCompile Include="LittleEngine\src\Modules\ModuleTexture.cpp">
      <Filter>Modules</Filter>
    </ClCompile>
    <ClCompile Include="LittleEngine\src\Modules\ModuleTimeController.cpp">
      <Filter>Modules</Filter>
    </ClCompile>
    <ClCompile Include="LittleEngine\src\Modules\ModuleWindow.cpp">
      <Filter>Modules</Filter>
    </ClCompile>
    <ClCompile Include="LittleEngine\src\Modules\ModuleCamera.cpp">
      <Filter>Modules</Filter>
    </ClCompile>
    <ClCompile Include="LittleEngine\src\Modules\ModuleGrid.cpp">
      <Filter>Modules</Filter>
    </ClCompile>
    <ClCompile Include="LittleEngine\src\Modules\ModuleInput.cpp">
      <Filter>Modules</Filter>
    </ClCompile>
    <ClCompile Include="LittleEngine\src\Modules\ModuleModelLoader.cpp">
      <Filter>Modules</Filter>
    </ClCompile>
    <ClCompile Include="LittleEngine\src\Modules\ModuleProgram.cpp">
      <Filter>Modules</Filter>
    </ClCompile>
    <ClCompile Include="LittleEngine\src\Components\Transform.cpp">
      <Filter>Components</Filter>
    </ClCompile>
    <ClCompile Include="LittleEngine\src\Components\Collider.cpp">
      <Filter>Components</Filter>
    </ClCompile>
    <ClCompile Include="LittleEngine\src\Components\Component.cpp">
      <Filter>Components</Filter>
    </ClCompile>
    <ClCompile Include="LittleEngine\src\Components\Mesh.cpp">
      <Filter>Components</Filter>
    </ClCompile>
    <ClCompile Include="LittleEngine\src\LittleEngine.cpp">
      <Filter>Archivos de origen</Filter>
    </ClCompile>
    <ClCompile Include="LittleEngine\src\log.cpp">
      <Filter>Archivos de origen</Filter>
    </ClCompile>
    <ClCompile Include="LittleEngine\src\Main.cpp">
      <Filter>Archivos de origen</Filter>
    </ClCompile>
    <ClCompile Include="LittleEngine\src\GameObject.cpp">
      <Filter>Archivos de origen</Filter>
    </ClCompile>
    <ClCompile Include="LittleEngine\src\Global.cpp">
      <Filter>Archivos de origen</Filter>
    </ClCompile>
    <ClCompile Include="LittleEngine\src\Editor\PropertiesUI.cpp">
      <Filter>Editor</Filter>
    </ClCompile>
    <ClCompile Include="LittleEngine\src\Editor\UI.cpp">
      <Filter>Editor</Filter>
    </ClCompile>
    <ClCompile Include="LittleEngine\src\Editor\HierarchyPanel.cpp">
      <Filter>Editor</Filter>
    </ClCompile>
    <ClCompile Include="LittleEngine\src\Editor\InspectorPanel.cpp">
      <Filter>Editor</Filter>
    </ClCompile>
    <ClCompile Include="LittleEngine\src\Utils\SystemProperties.cpp">
      <Filter>Utils</Filter>
    </ClCompile>
    <ClCompile Include="LittleEngine\src\Utils\MicroTimer.cpp">
      <Filter>Utils</Filter>
    </ClCompile>
    <ClCompile Include="LittleEngine\src\Utils\MsTimer.cpp">
      <Filter>Utils</Filter>
    </ClCompile>
    <ClCompile Include="LittleEngine\src\imgui\imgui_widgets.cpp">
      <Filter>imgui</Filter>
    </ClCompile>
    <ClCompile Include="LittleEngine\src\imgui\imgui.cpp">
      <Filter>imgui</Filter>
    </ClCompile>
    <ClCompile Include="LittleEngine\src\imgui\imgui_demo.cpp">
      <Filter>imgui</Filter>
    </ClCompile>
    <ClCompile Include="LittleEngine\src\imgui\imgui_draw.cpp">
      <Filter>imgui</Filter>
    </ClCompile>
    <ClCompile Include="LittleEngine\src\imgui\imgui_impl_opengl3.cpp">
      <Filter>imgui</Filter>
    </ClCompile>
    <ClCompile Include="LittleEngine\src\imgui\imgui_impl_sdl.cpp">
      <Filter>imgui</Filter>
    </ClCompile>
    <ClCompile Include="LittleEngine\src\Modules\ModuleFilesystem.cpp">
      <Filter>Modules</Filter>
    </ClCompile>
    <ClCompile Include="LittleEngine\src\Filesystem\Path.cpp">
      <Filter>Filesystem</Filter>
    </ClCompile>
    <ClCompile Include="LittleEngine\src\Filesystem\File.cpp">
      <Filter>Filesystem</Filter>
    </ClCompile>
    <ClCompile Include="LittleEngine\src\Modules\ModuleEditor.cpp">
      <Filter>Modules</Filter>
    </ClCompile>
    <ClCompile Include="LittleEngine\src\Modules\ModuleResources.cpp">
      <Filter>Modules</Filter>
    </ClCompile>
    <ClCompile Include="LittleEngine\src\ResourceManagement\Importer\Importer.cpp">
      <Filter>ResourceManagement\Importers</Filter>
    </ClCompile>
    <ClCompile Include="LittleEngine\src\ResourceManagement\Resources\Resource.cpp">
      <Filter>ResourceManagement\Resources</Filter>
    </ClCompile>
    <ClCompile Include="LittleEngine\src\ResourceManagement\Metafile\Metafile.cpp">
      <Filter>ResourceManagement\Metafile</Filter>
    </ClCompile>
    <ClCompile Include="LittleEngine\src\Filesystem\Config.cpp">
      <Filter>Filesystem</Filter>
    </ClCompile>
    <ClCompile Include="LittleEngine\src\ResourceManagement\Metafile\MetafileManager.cpp">
      <Filter>ResourceManagement\Metafile</Filter>
    </ClCompile>
  </ItemGroup>
  <ItemGroup>
    <ClInclude Include="src\Globals.h">
      <Filter>Archivos de encabezado</Filter>
    </ClInclude>
    <ClInclude Include="src\LittleEngine.h">
      <Filter>Archivos de encabezado</Filter>
    </ClInclude>
    <ClInclude Include="src\Log.h">
      <Filter>Archivos de encabezado</Filter>
    </ClInclude>
    <ClInclude Include="src\GameObject.h">
      <Filter>Archivos de encabezado</Filter>
    </ClInclude>
    <ClInclude Include="LittleEngine\src\Modules\ModuleRender.h">
      <Filter>Modules</Filter>
    </ClInclude>
    <ClInclude Include="LittleEngine\src\Modules\ModuleSceneManager.h">
      <Filter>Modules</Filter>
    </ClInclude>
    <ClInclude Include="LittleEngine\src\Modules\ModuleTexture.h">
      <Filter>Modules</Filter>
    </ClInclude>
    <ClInclude Include="LittleEngine\src\Modules\ModuleTimeController.h">
      <Filter>Modules</Filter>
    </ClInclude>
    <ClInclude Include="LittleEngine\src\Modules\ModuleWindow.h">
      <Filter>Modules</Filter>
    </ClInclude>
    <ClInclude Include="LittleEngine\src\Modules\Module.h">
      <Filter>Modules</Filter>
    </ClInclude>
    <ClInclude Include="LittleEngine\src\Modules\ModuleCamera.h">
      <Filter>Modules</Filter>
    </ClInclude>
    <ClInclude Include="LittleEngine\src\Modules\ModuleGrid.h">
      <Filter>Modules</Filter>
    </ClInclude>
    <ClInclude Include="LittleEngine\src\Modules\ModuleInput.h">
      <Filter>Modules</Filter>
    </ClInclude>
    <ClInclude Include="LittleEngine\src\Modules\ModuleModelLoader.h">
      <Filter>Modules</Filter>
    </ClInclude>
    <ClInclude Include="LittleEngine\src\Modules\ModuleProgram.h">
      <Filter>Modules</Filter>
    </ClInclude>
    <ClInclude Include="LittleEngine\src\Components\Mesh.h">
      <Filter>Components</Filter>
    </ClInclude>
    <ClInclude Include="LittleEngine\src\Components\Texture.h">
      <Filter>Components</Filter>
    </ClInclude>
    <ClInclude Include="LittleEngine\src\Components\Transform.h">
      <Filter>Components</Filter>
    </ClInclude>
    <ClInclude Include="LittleEngine\src\Components\Collider.h">
      <Filter>Components</Filter>
    </ClInclude>
    <ClInclude Include="LittleEngine\src\Components\Component.h">
      <Filter>Components</Filter>
    </ClInclude>
    <ClInclude Include="LittleEngine\src\Editor\PropertiesUI.h">
      <Filter>Editor</Filter>
    </ClInclude>
    <ClInclude Include="LittleEngine\src\Editor\UI.h">
      <Filter>Editor</Filter>
    </ClInclude>
    <ClInclude Include="LittleEngine\src\Editor\HierarchyPanel.h">
      <Filter>Editor</Filter>
    </ClInclude>
    <ClInclude Include="LittleEngine\src\Editor\InspectorPanel.h">
      <Filter>Editor</Filter>
    </ClInclude>
    <ClInclude Include="LittleEngine\src\Utils\SystemProperties.h">
      <Filter>Utils</Filter>
    </ClInclude>
    <ClInclude Include="LittleEngine\src\Utils\Timer.h">
      <Filter>Utils</Filter>
    </ClInclude>
    <ClInclude Include="LittleEngine\src\Utils\MicroTimer.h">
      <Filter>Utils</Filter>
    </ClInclude>
    <ClInclude Include="LittleEngine\src\Utils\MsTimer.h">
      <Filter>Utils</Filter>
    </ClInclude>
    <ClInclude Include="LittleEngine\src\imgui\imgui_internal.h">
      <Filter>imgui</Filter>
    </ClInclude>
    <ClInclude Include="LittleEngine\src\imgui\imstb_rectpack.h">
      <Filter>imgui</Filter>
    </ClInclude>
    <ClInclude Include="LittleEngine\src\imgui\imstb_textedit.h">
      <Filter>imgui</Filter>
    </ClInclude>
    <ClInclude Include="LittleEngine\src\imgui\imstb_truetype.h">
      <Filter>imgui</Filter>
    </ClInclude>
    <ClInclude Include="LittleEngine\src\imgui\imconfig.h">
      <Filter>imgui</Filter>
    </ClInclude>
    <ClInclude Include="LittleEngine\src\imgui\imgui.h">
      <Filter>imgui</Filter>
    </ClInclude>
    <ClInclude Include="LittleEngine\src\imgui\imgui_impl_opengl3.h">
      <Filter>imgui</Filter>
    </ClInclude>
    <ClInclude Include="LittleEngine\src\imgui\imgui_impl_sdl.h">
      <Filter>imgui</Filter>
    </ClInclude>
    <ClInclude Include="LittleEngine\src\Modules\ModuleFilesystem.h">
      <Filter>Modules</Filter>
    </ClInclude>
    <ClInclude Include="LittleEngine\src\Filesystem\File.h">
      <Filter>Filesystem</Filter>
    </ClInclude>
    <ClInclude Include="LittleEngine\src\Filesystem\Path.h">
      <Filter>Filesystem</Filter>
    </ClInclude>
    <ClInclude Include="LittleEngine\src\Modules\ModuleEditor.h">
      <Filter>Modules</Filter>
    </ClInclude>
    <ClInclude Include="LittleEngine\src\Modules\ModuleResources.h">
      <Filter>Modules</Filter>
    </ClInclude>
    <ClInclude Include="LittleEngine\src\ResourceManagement\Importer\Importer.h">
      <Filter>ResourceManagement\Importers</Filter>
    </ClInclude>
    <ClInclude Include="LittleEngine\src\ResourceManagement\Resources\Resource.h">
      <Filter>ResourceManagement\Resources</Filter>
    </ClInclude>
    <ClInclude Include="LittleEngine\src\ResourceManagement\Metafile\Metafile.h">
      <Filter>ResourceManagement\Metafile</Filter>
    </ClInclude>
    <ClInclude Include="LittleEngine\src\Filesystem\Config.h">
      <Filter>Filesystem</Filter>
    </ClInclude>
    <ClInclude Include="LittleEngine\src\ResourceManagement\Metafile\MetafileManager.h">
      <Filter>ResourceManagement\Metafile</Filter>
    </ClInclude>
  </ItemGroup>
  <ItemGroup>
    <None Include="Engine\shaders\gridShader.frag">
      <Filter>Shaders</Filter>
    </None>
    <None Include="Engine\shaders\gridShader.vert">
      <Filter>Shaders</Filter>
    </None>
    <None Include="Engine\shaders\vertexShader.vert">
      <Filter>Shaders</Filter>
    </None>
    <None Include="Engine\shaders\fragmentShader.frag">
      <Filter>Shaders</Filter>
    </None>
  </ItemGroup>
</Project>